{
	"name": "yummy-figma-plugin",
	"version": "1.0.0",
	"lockfileVersion": 2,
	"requires": true,
	"packages": {
		"": {
			"name": "yummy-figma-plugin",
			"version": "1.0.0",
			"license": "MIT",
			"devDependencies": {
				"@figma/plugin-typings": "^1.50.0",
				"prettier": "^2.7.1"
			}
		},
		"node_modules/@figma/plugin-typings": {
			"version": "1.50.0",
			"resolved": "https://registry.npmjs.org/@figma/plugin-typings/-/plugin-typings-1.50.0.tgz",
			"integrity": "sha512-ue1He4XimFEjY7eS7x6tBY6pyMp7zfVOjgStFioqKUxPPIz0gCFLmFUjR5g6fMrYJCqAMP5/Mjwq4Ks0vpe2sA==",
			"dev": true
		},
		"node_modules/prettier": {
			"version": "2.7.1",
			"resolved": "https://registry.npmjs.org/prettier/-/prettier-2.7.1.tgz",
			"integrity": "sha512-ujppO+MkdPqoVINuDFDRLClm7D78qbDt0/NR+wp5FqEZOoTNAjPHWj17QRhu7geIHJfcNhRk1XVQmF8Bp3ye+g==",
			"dev": true,
			"bin": {
				"prettier": "bin-prettier.js"
			},
			"engines": {
				"node": ">=10.13.0"
			},
			"funding": {
				"url": "https://github.com/prettier/prettier?sponsor=1"
			}
		}
	},
	"dependencies": {
		"@figma/plugin-typings": {
			"version": "1.50.0",
			"resolved": "https://registry.npmjs.org/@figma/plugin-typings/-/plugin-typings-1.50.0.tgz",
			"integrity": "sha512-ue1He4XimFEjY7eS7x6tBY6pyMp7zfVOjgStFioqKUxPPIz0gCFLmFUjR5g6fMrYJCqAMP5/Mjwq4Ks0vpe2sA==",
			"dev": true
		},
		"prettier": {
			"version": "2.7.1",
			"resolved": "https://registry.npmjs.org/prettier/-/prettier-2.7.1.tgz",
			"integrity": "sha512-ujppO+MkdPqoVINuDFDRLClm7D78qbDt0/NR+wp5FqEZOoTNAjPHWj17QRhu7geIHJfcNhRk1XVQmF8Bp3ye+g==",
			"dev": true
		}
	}
}
