# THIS IS AN AUTOGENERATED FILE. DO NOT EDIT THIS FILE DIRECTLY.
# yarn lockfile v1


"@figma/plugin-typings@^1.50.0":
  "integrity" "sha512-ue1He4XimFEjY7eS7x6tBY6pyMp7zfVOjgStFioqKUxPPIz0gCFLmFUjR5g6fMrYJCqAMP5/Mjwq4Ks0vpe2sA=="
  "resolved" "https://registry.npmjs.org/@figma/plugin-typings/-/plugin-typings-1.50.0.tgz"
  "version" "1.50.0"

"@lezer/common@^0.15.0", "@lezer/common@^0.15.7":
  "integrity" "sha512-edfwCxNLnzq5pBA/yaIhwJ3U3Kz8VAUOTRg0hhxaizaI1N+qxV7EXDv/kLCkLeq2RzSFvxexlaj5Mzfn2kY0Ig=="
  "resolved" "https://registry.npmjs.org/@lezer/common/-/common-0.15.12.tgz"
  "version" "0.15.12"

"@lezer/lr@^0.15.4":
  "integrity" "sha512-bM6oE6VQZ6hIFxDNKk8bKPa14hqFrV07J/vHGOeiAbJReIaQXmkVb6xQu4MR+JBTLa5arGRyAAjJe1qaQt3Uvg=="
  "resolved" "https://registry.npmjs.org/@lezer/lr/-/lr-0.15.8.tgz"
  "version" "0.15.8"
  dependencies:
    "@lezer/common" "^0.15.0"

"@lmdb/lmdb-win32-x64@2.5.2":
  "integrity" "sha512-zrBczSbXKxEyK2ijtbRdICDygRqWSRPpZMN5dD1T8VMEW5RIhIbwFWw2phDRXuBQdVDpSjalCIUMWMV2h3JaZA=="
  "resolved" "https://registry.npmjs.org/@lmdb/lmdb-win32-x64/-/lmdb-win32-x64-2.5.2.tgz"
  "version" "2.5.2"

"@mischnic/json-sourcemap@^0.1.0":
  "integrity" "sha512-dQb3QnfNqmQNYA4nFSN/uLaByIic58gOXq4Y4XqLOWmOrw73KmJPt/HLyG0wvn1bnR6mBKs/Uwvkh+Hns1T0XA=="
  "resolved" "https://registry.npmjs.org/@mischnic/json-sourcemap/-/json-sourcemap-0.1.0.tgz"
  "version" "0.1.0"
  dependencies:
    "@lezer/common" "^0.15.7"
    "@lezer/lr" "^0.15.4"
    "json5" "^2.2.1"

"@msgpackr-extract/msgpackr-extract-win32-x64@2.1.2":
  "integrity" "sha512-rIZVR48zA8hGkHIK7ED6+ZiXsjRCcAVBJbm8o89OKAMTmEAQ2QvoOxoiu3w2isAaWwzgtQIOFIqHwvZDyLKCvw=="
  "resolved" "https://registry.npmjs.org/@msgpackr-extract/msgpackr-extract-win32-x64/-/msgpackr-extract-win32-x64-2.1.2.tgz"
  "version" "2.1.2"

"@parcel/cache@2.7.0":
  "integrity" "sha512-JlXNoZXcWzLKdDlfeF3dIj5Vtel5T9vtdBN72PJ+cjC4qNHk4Uwvc5sfOBELuibGN0bVu2bwY9nUgSwCiB1iIA=="
  "resolved" "https://registry.npmjs.org/@parcel/cache/-/cache-2.7.0.tgz"
  "version" "2.7.0"
  dependencies:
    "@parcel/fs" "2.7.0"
    "@parcel/logger" "2.7.0"
    "@parcel/utils" "2.7.0"
    "lmdb" "2.5.2"

"@parcel/codeframe@2.7.0":
  "integrity" "sha512-UTKx0jejJmmO1dwTHSJuRgrO8N6PMlkxRT6sew8N6NC3Bgv6pu0EbO+RtlWt/jCvzcdLOPdIoTzj4MMZvgcMYg=="
  "resolved" "https://registry.npmjs.org/@parcel/codeframe/-/codeframe-2.7.0.tgz"
  "version" "2.7.0"
  dependencies:
    "chalk" "^4.1.0"

"@parcel/core@^2.7.0":
  "integrity" "sha512-7yKZUdh314Q/kU/9+27ZYTfcnXS6VYHuG+iiUlIohnvUUybxLqVJhdMU9Q+z2QcPka1IdJWz4K4Xx0y6/4goyg=="
  "resolved" "https://registry.npmjs.org/@parcel/core/-/core-2.7.0.tgz"
  "version" "2.7.0"
  dependencies:
    "@mischnic/json-sourcemap" "^0.1.0"
    "@parcel/cache" "2.7.0"
    "@parcel/diagnostic" "2.7.0"
    "@parcel/events" "2.7.0"
    "@parcel/fs" "2.7.0"
    "@parcel/graph" "2.7.0"
    "@parcel/hash" "2.7.0"
    "@parcel/logger" "2.7.0"
    "@parcel/package-manager" "2.7.0"
    "@parcel/plugin" "2.7.0"
    "@parcel/source-map" "^2.0.0"
    "@parcel/types" "2.7.0"
    "@parcel/utils" "2.7.0"
    "@parcel/workers" "2.7.0"
    "abortcontroller-polyfill" "^1.1.9"
    "base-x" "^3.0.8"
    "browserslist" "^4.6.6"
    "clone" "^2.1.1"
    "dotenv" "^7.0.0"
    "dotenv-expand" "^5.1.0"
    "json5" "^2.2.0"
    "msgpackr" "^1.5.4"
    "nullthrows" "^1.1.1"
    "semver" "^5.7.1"

"@parcel/diagnostic@2.7.0":
  "integrity" "sha512-pdq/cTwVoL0n8yuDCRXFRSQHVWdmmIXPt3R3iT4KtYDYvOrMT2dLPT79IMqQkhYPANW8GuL15n/WxRngfRdkug=="
  "resolved" "https://registry.npmjs.org/@parcel/diagnostic/-/diagnostic-2.7.0.tgz"
  "version" "2.7.0"
  dependencies:
    "@mischnic/json-sourcemap" "^0.1.0"
    "nullthrows" "^1.1.1"

"@parcel/events@2.7.0":
  "integrity" "sha512-kQDwMKgZ1U4M/G17qeDYF6bW5kybluN6ajYPc7mZcrWg+trEI/oXi81GMFaMX0BSUhwhbiN5+/Vb2wiG/Sn6ig=="
  "resolved" "https://registry.npmjs.org/@parcel/events/-/events-2.7.0.tgz"
  "version" "2.7.0"

"@parcel/fs-search@2.7.0":
  "integrity" "sha512-K1Hv25bnRpwQVA15RvcRuB8ZhfclnCHA8N8L6w7Ul1ncSJDxCIkIAc5hAubYNNYW3kWjCC2SOaEgFKnbvMllEQ=="
  "resolved" "https://registry.npmjs.org/@parcel/fs-search/-/fs-search-2.7.0.tgz"
  "version" "2.7.0"
  dependencies:
    "detect-libc" "^1.0.3"

"@parcel/fs@2.7.0":
  "integrity" "sha512-PU5fo4Hh8y03LZgemgVREttc0wyHQUNmsJCybxTB7EjJie2CqJRumo+DFppArlvdchLwJdc9em03yQV/GNWrEg=="
  "resolved" "https://registry.npmjs.org/@parcel/fs/-/fs-2.7.0.tgz"
  "version" "2.7.0"
  dependencies:
    "@parcel/fs-search" "2.7.0"
    "@parcel/types" "2.7.0"
    "@parcel/utils" "2.7.0"
    "@parcel/watcher" "^2.0.0"
    "@parcel/workers" "2.7.0"

"@parcel/graph@2.7.0":
  "integrity" "sha512-Q6E94GS6q45PtsZh+m+gvFRp/N1Qopxhu2sxjcWsGs5iBd6IWn2oYLWOH5iVzEjWuYpW2HkB08lH6J50O63uOA=="
  "resolved" "https://registry.npmjs.org/@parcel/graph/-/graph-2.7.0.tgz"
  "version" "2.7.0"
  dependencies:
    "@parcel/utils" "2.7.0"
    "nullthrows" "^1.1.1"

"@parcel/hash@2.7.0":
  "integrity" "sha512-k6bSKnIlPJMPU3yjQzfgfvF9zuJZGOAlJgzpL4BbWvdbE8BTdjzLcFn0Ujrtud94EgIkiXd22sC2HpCUWoHGdA=="
  "resolved" "https://registry.npmjs.org/@parcel/hash/-/hash-2.7.0.tgz"
  "version" "2.7.0"
  dependencies:
    "detect-libc" "^1.0.3"
    "xxhash-wasm" "^0.4.2"

"@parcel/logger@2.7.0":
  "integrity" "sha512-qjMY/bYo38+o+OiIrTRldU9CwL1E7J72t+xkTP8QIcUxLWz5LYR0YbynZUVulmBSfqsykjjxCy4a+8siVr+lPw=="
  "resolved" "https://registry.npmjs.org/@parcel/logger/-/logger-2.7.0.tgz"
  "version" "2.7.0"
  dependencies:
    "@parcel/diagnostic" "2.7.0"
    "@parcel/events" "2.7.0"

"@parcel/markdown-ansi@2.7.0":
  "integrity" "sha512-ipOX0D6FVZFEXeb/z8MnTMq2RQEIuaILY90olVIuHEFLHHfOPEn+RK3u13HA1ChF5/9E3cMD79tu6x9JL9Kqag=="
  "resolved" "https://registry.npmjs.org/@parcel/markdown-ansi/-/markdown-ansi-2.7.0.tgz"
  "version" "2.7.0"
  dependencies:
    "chalk" "^4.1.0"

"@parcel/package-manager@2.7.0":
  "integrity" "sha512-wmfSX1mRrTi8MeA4KrnPk/x7zGUsILCQmTo6lA4gygzAxDbM1pGuyFN8/Kt0y0SFO2lbljARtD/4an5qdotH+Q=="
  "resolved" "https://registry.npmjs.org/@parcel/package-manager/-/package-manager-2.7.0.tgz"
  "version" "2.7.0"
  dependencies:
    "@parcel/diagnostic" "2.7.0"
    "@parcel/fs" "2.7.0"
    "@parcel/logger" "2.7.0"
    "@parcel/types" "2.7.0"
    "@parcel/utils" "2.7.0"
    "@parcel/workers" "2.7.0"
    "semver" "^5.7.1"

"@parcel/plugin@2.7.0":
  "integrity" "sha512-qqgx+nnMn6/0lRc4lKbLGmhNtBiT93S2gFNB4Eb4Pfz/SxVYoW+fmml+KdfOSiZffWOAH5L6NwhyD7N8aSikzw=="
  "resolved" "https://registry.npmjs.org/@parcel/plugin/-/plugin-2.7.0.tgz"
  "version" "2.7.0"
  dependencies:
    "@parcel/types" "2.7.0"

"@parcel/source-map@^2.0.0":
  "integrity" "sha512-Ejx1P/mj+kMjQb8/y5XxDUn4reGdr+WyKYloBljpppUy8gs42T+BNoEOuRYqDVdgPc6NxduzIDoJS9pOFfV5Ew=="
  "resolved" "https://registry.npmjs.org/@parcel/source-map/-/source-map-2.1.1.tgz"
  "version" "2.1.1"
  dependencies:
    "detect-libc" "^1.0.3"

"@parcel/transformer-typescript-types@^2.7.0":
  "integrity" "sha512-7eZFJH+0ZOZoh+4ZUKVnP79LI8h45hGAAqCI1UG8l7ZEf6q9yy8lwF9cREu4dUih70TDUHnHkxoNHfZWOjkDSg=="
  "resolved" "https://registry.npmjs.org/@parcel/transformer-typescript-types/-/transformer-typescript-types-2.7.0.tgz"
  "version" "2.7.0"
  dependencies:
    "@parcel/diagnostic" "2.7.0"
    "@parcel/plugin" "2.7.0"
    "@parcel/source-map" "^2.0.0"
    "@parcel/ts-utils" "2.7.0"
    "@parcel/utils" "2.7.0"
    "nullthrows" "^1.1.1"

"@parcel/ts-utils@2.7.0":
  "integrity" "sha512-hxgWu9p9+zo9OvllYy12DRrAEyAGGLQysI6PyNvYvsZSmb7sQg9YQ7spD1QmWIQUC1H6BkyzQsowpK0hvPK1xg=="
  "resolved" "https://registry.npmjs.org/@parcel/ts-utils/-/ts-utils-2.7.0.tgz"
  "version" "2.7.0"
  dependencies:
    "nullthrows" "^1.1.1"

"@parcel/types@2.7.0":
  "integrity" "sha512-+dhXVUnseTCpJvBTGMp0V6X13z6O/A/+CUtwEpMGZ8XSmZ4Gk44GvaTiBOp0bJpWG4fvCKp+UmC8PYbrDiiziw=="
  "resolved" "https://registry.npmjs.org/@parcel/types/-/types-2.7.0.tgz"
  "version" "2.7.0"
  dependencies:
    "@parcel/cache" "2.7.0"
    "@parcel/diagnostic" "2.7.0"
    "@parcel/fs" "2.7.0"
    "@parcel/package-manager" "2.7.0"
    "@parcel/source-map" "^2.0.0"
    "@parcel/workers" "2.7.0"
    "utility-types" "^3.10.0"

"@parcel/utils@2.7.0":
  "integrity" "sha512-jNZ5bIGg1r1RDRKi562o4kuVwnz+XJ2Ie3b0Zwrqwvgfj6AbRFIKzDd+h85dWWmcDYzKUbHp11u6VJl1u8Vapg=="
  "resolved" "https://registry.npmjs.org/@parcel/utils/-/utils-2.7.0.tgz"
  "version" "2.7.0"
  dependencies:
    "@parcel/codeframe" "2.7.0"
    "@parcel/diagnostic" "2.7.0"
    "@parcel/hash" "2.7.0"
    "@parcel/logger" "2.7.0"
    "@parcel/markdown-ansi" "2.7.0"
    "@parcel/source-map" "^2.0.0"
    "chalk" "^4.1.0"

"@parcel/watcher@^2.0.0":
  "integrity" "sha512-x0hUbjv891omnkcHD7ZOhiyyUqUUR6MNjq89JhEI3BxppeKWAm6NPQsqqRrAkCJBogdT/o/My21sXtTI9rJIsw=="
  "resolved" "https://registry.npmjs.org/@parcel/watcher/-/watcher-2.0.5.tgz"
  "version" "2.0.5"
  dependencies:
    "node-addon-api" "^3.2.1"
    "node-gyp-build" "^4.3.0"

"@parcel/workers@2.7.0":
  "integrity" "sha512-99VfaOX+89+RaoTSyH9ZQtkMBFZBFMvJmVJ/GeJT6QCd2wtKBStTHlaSnQOkLD/iRjJCNwV2xpZmm8YkTwV+hg=="
  "resolved" "https://registry.npmjs.org/@parcel/workers/-/workers-2.7.0.tgz"
  "version" "2.7.0"
  dependencies:
    "@parcel/diagnostic" "2.7.0"
    "@parcel/logger" "2.7.0"
    "@parcel/types" "2.7.0"
    "@parcel/utils" "2.7.0"
    "chrome-trace-event" "^1.0.2"
    "nullthrows" "^1.1.1"

"abortcontroller-polyfill@^1.1.9":
  "integrity" "sha512-zetDJxd89y3X99Kvo4qFx8GKlt6GsvN3UcRZHwU6iFA/0KiOmhkTVhe8oRoTBiTVPZu09x3vCra47+w8Yz1+2Q=="
  "resolved" "https://registry.npmjs.org/abortcontroller-polyfill/-/abortcontroller-polyfill-1.7.3.tgz"
  "version" "1.7.3"

"ansi-styles@^4.1.0":
  "integrity" "sha512-zbB9rCJAT1rbjiVDb2hqKFHNYLxgtk8NURxZ3IZwD3F6NtxbXZQCnnSi1Lkx+IDohdPlFp222wVALIheZJQSEg=="
  "resolved" "https://registry.npmjs.org/ansi-styles/-/ansi-styles-4.3.0.tgz"
  "version" "4.3.0"
  dependencies:
    "color-convert" "^2.0.1"

"base-x@^3.0.8":
  "integrity" "sha512-H7JU6iBHTal1gp56aKoaa//YUxEaAOUiydvrV/pILqIHXTtqxSkATOnDA2u+jZ/61sD+L/412+7kzXRtWukhpQ=="
  "resolved" "https://registry.npmjs.org/base-x/-/base-x-3.0.9.tgz"
  "version" "3.0.9"
  dependencies:
    "safe-buffer" "^5.0.1"

"browserslist@^4.6.6", "browserslist@>= 4.21.0":
  "integrity" "sha512-CBHJJdDmgjl3daYjN5Cp5kbTf1mUhZoS+beLklHIvkOWscs83YAhLlF3Wsh/lciQYAcbBJgTOD44VtG31ZM4Hw=="
  "resolved" "https://registry.npmjs.org/browserslist/-/browserslist-4.21.4.tgz"
  "version" "4.21.4"
  dependencies:
    "caniuse-lite" "^1.0.30001400"
    "electron-to-chromium" "^1.4.251"
    "node-releases" "^2.0.6"
    "update-browserslist-db" "^1.0.9"

"caniuse-lite@^1.0.30001400":
  "integrity" "sha512-06wzzdAkCPZO+Qm4e/eNghZBDfVNDsCgw33T27OwBH9unE9S478OYw//Q2L7Npf/zBzs7rjZOszIFQkwQKAEqA=="
  "resolved" "https://registry.npmjs.org/caniuse-lite/-/caniuse-lite-1.0.30001416.tgz"
  "version" "1.0.30001416"

"chalk@^4.1.0":
  "integrity" "sha512-oKnbhFyRIXpUuez8iBMmyEa4nbj4IOQyuhc/wy9kY7/WVPcwIO9VA668Pu8RkO7+0G76SLROeyw9CpQ061i4mA=="
  "resolved" "https://registry.npmjs.org/chalk/-/chalk-4.1.2.tgz"
  "version" "4.1.2"
  dependencies:
    "ansi-styles" "^4.1.0"
    "supports-color" "^7.1.0"

"chrome-trace-event@^1.0.2":
  "integrity" "sha512-p3KULyQg4S7NIHixdwbGX+nFHkoBiA4YQmyWtjb8XngSKV124nJmRysgAeujbUVb15vh+RvFUfCPqU7rXk+hZg=="
  "resolved" "https://registry.npmjs.org/chrome-trace-event/-/chrome-trace-event-1.0.3.tgz"
  "version" "1.0.3"

"clone@^2.1.1":
  "integrity" "sha512-3Pe/CF1Nn94hyhIYpjtiLhdCoEoz0DqQ+988E9gmeEdQZlojxnOb74wctFyuwWQHzqyf9X7C7MG8juUpqBJT8w=="
  "resolved" "https://registry.npmjs.org/clone/-/clone-2.1.2.tgz"
  "version" "2.1.2"

"color-convert@^2.0.1":
  "integrity" "sha512-RRECPsj7iu/xb5oKYcsFHSppFNnsj/52OVTRKb4zP5onXwVF3zVmmToNcOfGC+CRDpfK/U584fMg38ZHCaElKQ=="
  "resolved" "https://registry.npmjs.org/color-convert/-/color-convert-2.0.1.tgz"
  "version" "2.0.1"
  dependencies:
    "color-name" "~1.1.4"

"color-name@~1.1.4":
  "integrity" "sha512-dOy+3AuW3a2wNbZHIuMZpTcgjGuLU/uBL/ubcZF9OXbDo8ff4O8yVp5Bf0efS8uEoYo5q4Fx7dY9OgQGXgAsQA=="
  "resolved" "https://registry.npmjs.org/color-name/-/color-name-1.1.4.tgz"
  "version" "1.1.4"

"detect-libc@^1.0.3":
  "integrity" "sha512-pGjwhsmsp4kL2RTz08wcOlGN83otlqHeD/Z5T8GXZB+/YcpQ/dgo+lbU8ZsGxV0HIvqqxo9l7mqYwyYMD9bKDg=="
  "resolved" "https://registry.npmjs.org/detect-libc/-/detect-libc-1.0.3.tgz"
  "version" "1.0.3"

"dotenv-expand@^5.1.0":
  "integrity" "sha512-YXQl1DSa4/PQyRfgrv6aoNjhasp/p4qs9FjJ4q4cQk+8m4r6k4ZSiEyytKG8f8W9gi8WsQtIObNmKd+tMzNTmA=="
  "resolved" "https://registry.npmjs.org/dotenv-expand/-/dotenv-expand-5.1.0.tgz"
  "version" "5.1.0"

"dotenv@^7.0.0":
  "integrity" "sha512-M3NhsLbV1i6HuGzBUH8vXrtxOk+tWmzWKDMbAVSUp3Zsjm7ywFeuwrUXhmhQyRK1q5B5GGy7hcXPbj3bnfZg2g=="
  "resolved" "https://registry.npmjs.org/dotenv/-/dotenv-7.0.0.tgz"
  "version" "7.0.0"

"electron-to-chromium@^1.4.251":
  "integrity" "sha512-KS6gPPGNrzpVv9HzFVq+Etd0AjZEPr5pvaTBn2yD6KV4+cKW4I0CJoJNgmTG6gUQPAMZ4wIPtcOuoou3qFAZCA=="
  "resolved" "https://registry.npmjs.org/electron-to-chromium/-/electron-to-chromium-1.4.272.tgz"
  "version" "1.4.272"

"escalade@^3.1.1":
  "integrity" "sha512-k0er2gUkLf8O0zKJiAhmkTnJlTvINGv7ygDNPbeIsX/TJjGJZHuh9B2UxbsaEkmlEo9MfhrSzmhIlhRlI2GXnw=="
  "resolved" "https://registry.npmjs.org/escalade/-/escalade-3.1.1.tgz"
  "version" "3.1.1"

"has-flag@^4.0.0":
  "integrity" "sha512-EykJT/Q1KjTWctppgIAgfSO0tKVuZUjhgMr17kqTumMl6Afv3EISleU7qZUzoXDFTAHTDC4NOoG/ZxU3EvlMPQ=="
  "resolved" "https://registry.npmjs.org/has-flag/-/has-flag-4.0.0.tgz"
  "version" "4.0.0"

"json5@^2.2.0", "json5@^2.2.1":
  "integrity" "sha512-1hqLFMSrGHRHxav9q9gNjJ5EXznIxGVO09xQRrwplcS8qs28pZ8s8hupZAmqDwZUmVZ2Qb2jnyPOWcDH8m8dlA=="
  "resolved" "https://registry.npmjs.org/json5/-/json5-2.2.1.tgz"
  "version" "2.2.1"

"lmdb@2.5.2":
  "integrity" "sha512-V5V5Xa2Hp9i2XsbDALkBTeHXnBXh/lEmk9p22zdr7jtuOIY9TGhjK6vAvTpOOx9IKU4hJkRWZxn/HsvR1ELLtA=="
  "resolved" "https://registry.npmjs.org/lmdb/-/lmdb-2.5.2.tgz"
  "version" "2.5.2"
  dependencies:
    "msgpackr" "^1.5.4"
    "node-addon-api" "^4.3.0"
    "node-gyp-build-optional-packages" "5.0.3"
    "ordered-binary" "^1.2.4"
    "weak-lru-cache" "^1.2.2"
  optionalDependencies:
    "@lmdb/lmdb-darwin-arm64" "2.5.2"
    "@lmdb/lmdb-darwin-x64" "2.5.2"
    "@lmdb/lmdb-linux-arm" "2.5.2"
    "@lmdb/lmdb-linux-arm64" "2.5.2"
    "@lmdb/lmdb-linux-x64" "2.5.2"
    "@lmdb/lmdb-win32-x64" "2.5.2"

"msgpackr-extract@^2.1.2":
  "integrity" "sha512-cmrmERQFb19NX2JABOGtrKdHMyI6RUyceaPBQ2iRz9GnDkjBWFjNJC0jyyoOfZl2U/LZE3tQCCQc4dlRyA8mcA=="
  "resolved" "https://registry.npmjs.org/msgpackr-extract/-/msgpackr-extract-2.1.2.tgz"
  "version" "2.1.2"
  dependencies:
    "node-gyp-build-optional-packages" "5.0.3"
  optionalDependencies:
    "@msgpackr-extract/msgpackr-extract-darwin-arm64" "2.1.2"
    "@msgpackr-extract/msgpackr-extract-darwin-x64" "2.1.2"
    "@msgpackr-extract/msgpackr-extract-linux-arm" "2.1.2"
    "@msgpackr-extract/msgpackr-extract-linux-arm64" "2.1.2"
    "@msgpackr-extract/msgpackr-extract-linux-x64" "2.1.2"
    "@msgpackr-extract/msgpackr-extract-win32-x64" "2.1.2"

"msgpackr@^1.5.4":
  "integrity" "sha512-mWScyHTtG6TjivXX9vfIy2nBtRupaiAj0HQ2mtmpmYujAmqZmaaEVPaSZ1NKLMvicaMLFzEaMk0ManxMRg8rMQ=="
  "resolved" "https://registry.npmjs.org/msgpackr/-/msgpackr-1.7.2.tgz"
  "version" "1.7.2"
  optionalDependencies:
    "msgpackr-extract" "^2.1.2"

"node-addon-api@^3.2.1":
  "integrity" "sha512-mmcei9JghVNDYydghQmeDX8KoAm0FAiYyIcUt/N4nhyAipB17pllZQDOJD2fotxABnt4Mdz+dKTO7eftLg4d0A=="
  "resolved" "https://registry.npmjs.org/node-addon-api/-/node-addon-api-3.2.1.tgz"
  "version" "3.2.1"

"node-addon-api@^4.3.0":
  "integrity" "sha512-73sE9+3UaLYYFmDsFZnqCInzPyh3MqIwZO9cw58yIqAZhONrrabrYyYe3TuIqtIiOuTXVhsGau8hcrhhwSsDIQ=="
  "resolved" "https://registry.npmjs.org/node-addon-api/-/node-addon-api-4.3.0.tgz"
  "version" "4.3.0"

"node-gyp-build-optional-packages@5.0.3":
  "integrity" "sha512-k75jcVzk5wnnc/FMxsf4udAoTEUv2jY3ycfdSd3yWu6Cnd1oee6/CfZJApyscA4FJOmdoixWwiwOyf16RzD5JA=="
  "resolved" "https://registry.npmjs.org/node-gyp-build-optional-packages/-/node-gyp-build-optional-packages-5.0.3.tgz"
  "version" "5.0.3"

"node-gyp-build@^4.3.0":
  "integrity" "sha512-2iGbaQBV+ITgCz76ZEjmhUKAKVf7xfY1sRl4UiKQspfZMH2h06SyhNsnSVy50cwkFQDGLyif6m/6uFXHkOZ6rg=="
  "resolved" "https://registry.npmjs.org/node-gyp-build/-/node-gyp-build-4.5.0.tgz"
  "version" "4.5.0"

"node-releases@^2.0.6":
  "integrity" "sha512-PiVXnNuFm5+iYkLBNeq5211hvO38y63T0i2KKh2KnUs3RpzJ+JtODFjkD8yjLwnDkTYF1eKXheUwdssR+NRZdg=="
  "resolved" "https://registry.npmjs.org/node-releases/-/node-releases-2.0.6.tgz"
  "version" "2.0.6"

"nullthrows@^1.1.1":
  "integrity" "sha512-2vPPEi+Z7WqML2jZYddDIfy5Dqb0r2fze2zTxNNknZaFpVHU3mFB3R+DWeJWGVx0ecvttSGlJTI+WG+8Z4cDWw=="
  "resolved" "https://registry.npmjs.org/nullthrows/-/nullthrows-1.1.1.tgz"
  "version" "1.1.1"

"ordered-binary@^1.2.4":
  "integrity" "sha512-EHQ/jk4/a9hLupIKxTfUsQRej1Yd/0QLQs3vGvIqg5ZtCYSzNhkzHoZc7Zf4e4kUlDaC3Uw8Q/1opOLNN2OKRQ=="
  "resolved" "https://registry.npmjs.org/ordered-binary/-/ordered-binary-1.4.0.tgz"
  "version" "1.4.0"

"picocolors@^1.0.0":
  "integrity" "sha512-1fygroTLlHu66zi26VoTDv8yRgm0Fccecssto+MhsZ0D/DGW2sm8E8AjW7NU5VVTRt5GxbeZ5qBuJr+HyLYkjQ=="
  "resolved" "https://registry.npmjs.org/picocolors/-/picocolors-1.0.0.tgz"
  "version" "1.0.0"

"prettier@^2.7.1":
  "integrity" "sha512-ujppO+MkdPqoVINuDFDRLClm7D78qbDt0/NR+wp5FqEZOoTNAjPHWj17QRhu7geIHJfcNhRk1XVQmF8Bp3ye+g=="
  "resolved" "https://registry.npmjs.org/prettier/-/prettier-2.7.1.tgz"
  "version" "2.7.1"

"safe-buffer@^5.0.1":
  "integrity" "sha512-rp3So07KcdmmKbGvgaNxQSJr7bGVSVk5S9Eq1F+ppbRo70+YeaDxkw5Dd8NPN+GD6bjnYm2VuPuCXmpuYvmCXQ=="
  "resolved" "https://registry.npmjs.org/safe-buffer/-/safe-buffer-5.2.1.tgz"
  "version" "5.2.1"

"semver@^5.7.1":
  "integrity" "sha512-sauaDf/PZdVgrLTNYHRtpXa1iRiKcaebiKQ1BJdpQlWH2lCvexQdX55snPFyK7QzpudqbCI0qXFfOasHdyNDGQ=="
  "resolved" "https://registry.npmjs.org/semver/-/semver-5.7.1.tgz"
  "version" "5.7.1"

"supports-color@^7.1.0":
  "integrity" "sha512-qpCAvRl9stuOHveKsn7HncJRvv501qIacKzQlO/+Lwxc9+0q2wLyv4Dfvt80/DPn2pqOBsJdDiogXGR9+OvwRw=="
  "resolved" "https://registry.npmjs.org/supports-color/-/supports-color-7.2.0.tgz"
  "version" "7.2.0"
  dependencies:
    "has-flag" "^4.0.0"

"typescript@^4.8.4", "typescript@>=3.0.0":
  "integrity" "sha512-QCh+85mCy+h0IGff8r5XWzOVSbBO+KfeYrMQh7NJ58QujwcE22u+NUSmUxqF+un70P9GXKxa2HCNiTTMJknyjQ=="
  "resolved" "https://registry.npmjs.org/typescript/-/typescript-4.8.4.tgz"
  "version" "4.8.4"

"update-browserslist-db@^1.0.9":
  "integrity" "sha512-/xsqn21EGVdXI3EXSum1Yckj3ZVZugqyOZQ/CxYPBD/R+ko9NSUScf8tFF4dOKY+2pvSSJA/S+5B8s4Zr4kyvg=="
  "resolved" "https://registry.npmjs.org/update-browserslist-db/-/update-browserslist-db-1.0.9.tgz"
  "version" "1.0.9"
  dependencies:
    "escalade" "^3.1.1"
    "picocolors" "^1.0.0"

"utility-types@^3.10.0":
  "integrity" "sha512-O11mqxmi7wMKCo6HKFt5AhO4BwY3VV68YU07tgxfz8zJTIxr4BpsezN49Ffwy9j3ZpwwJp4fkRwjRzq3uWE6Rg=="
  "resolved" "https://registry.npmjs.org/utility-types/-/utility-types-3.10.0.tgz"
  "version" "3.10.0"

"weak-lru-cache@^1.2.2":
  "integrity" "sha512-DEAoo25RfSYMuTGc9vPJzZcZullwIqRDSI9LOy+fkCJPi6hykCnfKaXTuPBDuXAUcqHXyOgFtHNp/kB2FjYHbw=="
  "resolved" "https://registry.npmjs.org/weak-lru-cache/-/weak-lru-cache-1.2.2.tgz"
  "version" "1.2.2"

"xxhash-wasm@^0.4.2":
  "integrity" "sha512-/eyHVRJQCirEkSZ1agRSCwriMhwlyUcFkXD5TPVSLP+IPzjsqMVzZwdoczLp1SoQU0R3dxz1RpIK+4YNQbCVOA=="
  "resolved" "https://registry.npmjs.org/xxhash-wasm/-/xxhash-wasm-0.4.2.tgz"
  "version" "0.4.2"
